
Microsoft Visual Studio Solution File, Format Version 12.00
# Visual Studio Version 16
VisualStudioVersion = 16.0.30717.126
MinimumVisualStudioVersion = 10.0.40219.1
Project("{FAE04EC0-301F-11D3-BF4B-00C04F79EFBC}") = "HW30", "HW30\HW30.csproj", "{2ACA7A36-CCFD-4EA3-82A7-92CA5F0EA55D}"
EndProject
Global
	GlobalSection(SolutionConfigurationPlatforms) = preSolution
		Debug|Any CPU = Debug|Any CPU
		Release|Any CPU = Release|Any CPU
	EndGlobalSection
	GlobalSection(ProjectConfigurationPlatforms) = postSolution
		{2ACA7A36-CCFD-4EA3-82A7-92CA5F0EA55D}.Debug|Any CPU.ActiveCfg = Debug|Any CPU
		{2ACA7A36-CCFD-4EA3-82A7-92CA5F0EA55D}.Debug|Any CPU.Build.0 = Debug|Any CPU
		{2ACA7A36-CCFD-4EA3-82A7-92CA5F0EA55D}.Release|Any CPU.ActiveCfg = Release|Any CPU
		{2ACA7A36-CCFD-4EA3-82A7-92CA5F0EA55D}.Release|Any CPU.Build.0 = Release|Any CPU
	EndGlobalSection
	GlobalSection(SolutionProperties) = preSolution
		HideSolutionNode = FALSE
	EndGlobalSection
	GlobalSection(ExtensibilityGlobals) = postSolution
		SolutionGuid = {B8A78B19-82C3-46F3-90A3-439FFE6F71F4}
	EndGlobalSection
EndGlobal
