
Microsoft Visual Studio Solution File, Format Version 12.00
# Visual Studio Version 16
VisualStudioVersion = 16.0.28922.388
MinimumVisualStudioVersion = 10.0.40219.1
Project("{FAE04EC0-301F-11D3-BF4B-00C04F79EFBC}") = "HW14", "HW14\HW14.csproj", "{F1C81709-ABB8-4B30-B4CB-B9E0098FF41E}"
EndProject
Global
	GlobalSection(SolutionConfigurationPlatforms) = preSolution
		Debug|Any CPU = Debug|Any CPU
		Release|Any CPU = Release|Any CPU
	EndGlobalSection
	GlobalSection(ProjectConfigurationPlatforms) = postSolution
		{F1C81709-ABB8-4B30-B4CB-B9E0098FF41E}.Debug|Any CPU.ActiveCfg = Debug|Any CPU
		{F1C81709-ABB8-4B30-B4CB-B9E0098FF41E}.Debug|Any CPU.Build.0 = Debug|Any CPU
		{F1C81709-ABB8-4B30-B4CB-B9E0098FF41E}.Release|Any CPU.ActiveCfg = Release|Any CPU
		{F1C81709-ABB8-4B30-B4CB-B9E0098FF41E}.Release|Any CPU.Build.0 = Release|Any CPU
	EndGlobalSection
	GlobalSection(SolutionProperties) = preSolution
		HideSolutionNode = FALSE
	EndGlobalSection
	GlobalSection(ExtensibilityGlobals) = postSolution
		SolutionGuid = {20FB3FDF-0DEB-4F8C-8D99-BEE4B25C374B}
	EndGlobalSection
EndGlobal
