
Microsoft Visual Studio Solution File, Format Version 12.00
# Visual Studio Version 16
VisualStudioVersion = 16.0.28922.388
MinimumVisualStudioVersion = 10.0.40219.1
Project("{FAE04EC0-301F-11D3-BF4B-00C04F79EFBC}") = "HW7.2", "HW7.2\HW7.2.csproj", "{A52BB2E4-9BCA-48E6-98E4-319AAE04DCCE}"
EndProject
Global
	GlobalSection(SolutionConfigurationPlatforms) = preSolution
		Debug|Any CPU = Debug|Any CPU
		Release|Any CPU = Release|Any CPU
	EndGlobalSection
	GlobalSection(ProjectConfigurationPlatforms) = postSolution
		{A52BB2E4-9BCA-48E6-98E4-319AAE04DCCE}.Debug|Any CPU.ActiveCfg = Debug|Any CPU
		{A52BB2E4-9BCA-48E6-98E4-319AAE04DCCE}.Debug|Any CPU.Build.0 = Debug|Any CPU
		{A52BB2E4-9BCA-48E6-98E4-319AAE04DCCE}.Release|Any CPU.ActiveCfg = Release|Any CPU
		{A52BB2E4-9BCA-48E6-98E4-319AAE04DCCE}.Release|Any CPU.Build.0 = Release|Any CPU
	EndGlobalSection
	GlobalSection(SolutionProperties) = preSolution
		HideSolutionNode = FALSE
	EndGlobalSection
	GlobalSection(ExtensibilityGlobals) = postSolution
		SolutionGuid = {5A545BAD-11AD-4DF3-8B7E-28D989EDE7E7}
	EndGlobalSection
EndGlobal
