
Microsoft Visual Studio Solution File, Format Version 12.00
# Visual Studio Version 16
VisualStudioVersion = 16.0.28922.388
MinimumVisualStudioVersion = 10.0.40219.1
Project("{FAE04EC0-301F-11D3-BF4B-00C04F79EFBC}") = "ConsoleAppHW2", "ConsoleAppHW2\ConsoleAppHW2.csproj", "{7323A1CA-5267-4FE8-B2D9-C759D480362E}"
EndProject
Global
	GlobalSection(SolutionConfigurationPlatforms) = preSolution
		Debug|Any CPU = Debug|Any CPU
		Release|Any CPU = Release|Any CPU
	EndGlobalSection
	GlobalSection(ProjectConfigurationPlatforms) = postSolution
		{7323A1CA-5267-4FE8-B2D9-C759D480362E}.Debug|Any CPU.ActiveCfg = Debug|Any CPU
		{7323A1CA-5267-4FE8-B2D9-C759D480362E}.Debug|Any CPU.Build.0 = Debug|Any CPU
		{7323A1CA-5267-4FE8-B2D9-C759D480362E}.Release|Any CPU.ActiveCfg = Release|Any CPU
		{7323A1CA-5267-4FE8-B2D9-C759D480362E}.Release|Any CPU.Build.0 = Release|Any CPU
	EndGlobalSection
	GlobalSection(SolutionProperties) = preSolution
		HideSolutionNode = FALSE
	EndGlobalSection
	GlobalSection(ExtensibilityGlobals) = postSolution
		SolutionGuid = {EBA1CBBA-5EFA-4D8C-9690-B4DA82ED6FC3}
	EndGlobalSection
EndGlobal
