
Microsoft Visual Studio Solution File, Format Version 12.00
# Visual Studio Version 16
VisualStudioVersion = 16.0.28922.388
MinimumVisualStudioVersion = 10.0.40219.1
Project("{FAE04EC0-301F-11D3-BF4B-00C04F79EFBC}") = "CW9", "CW9\CW9.csproj", "{EDBAC958-2D2E-4183-9994-D9A25D6BAE47}"
EndProject
Global
	GlobalSection(SolutionConfigurationPlatforms) = preSolution
		Debug|Any CPU = Debug|Any CPU
		Release|Any CPU = Release|Any CPU
	EndGlobalSection
	GlobalSection(ProjectConfigurationPlatforms) = postSolution
		{EDBAC958-2D2E-4183-9994-D9A25D6BAE47}.Debug|Any CPU.ActiveCfg = Debug|Any CPU
		{EDBAC958-2D2E-4183-9994-D9A25D6BAE47}.Debug|Any CPU.Build.0 = Debug|Any CPU
		{EDBAC958-2D2E-4183-9994-D9A25D6BAE47}.Release|Any CPU.ActiveCfg = Release|Any CPU
		{EDBAC958-2D2E-4183-9994-D9A25D6BAE47}.Release|Any CPU.Build.0 = Release|Any CPU
	EndGlobalSection
	GlobalSection(SolutionProperties) = preSolution
		HideSolutionNode = FALSE
	EndGlobalSection
	GlobalSection(ExtensibilityGlobals) = postSolution
		SolutionGuid = {DC0B22FB-87A1-4C79-AA6C-FEDFDCEAD377}
	EndGlobalSection
EndGlobal
